// !$*UTF8*$!
{
	archiveVersion = 1;
	classes = {
	};
	objectVersion = 50;
	objects = {

/* Begin PBXBuildFile section */
		AB41941925A72BE500E9C61A /* main.cpp in Sources */ = {isa = PBXBuildFile; fileRef = AB41941825A72BE500E9C61A /* main.cpp */; };
		AB41942325A7337500E9C61A /* OpenGL.framework in Frameworks */ = {isa = PBXBuildFile; fileRef = AB41942125A7337500E9C61A /* OpenGL.framework */; };
		AB41942425A7337500E9C61A /* GLUT.framework in Frameworks */ = {isa = PBXBuildFile; fileRef = AB41942225A7337500E9C61A /* GLUT.framework */; };
/* End PBXBuildFile section */

/* Begin PBXCopyFilesBuildPhase section */
		AB4193FB25A728D100E9C61A /* CopyFiles */ = {
			isa = PBXCopyFilesBuildPhase;
			buildActionMask = 2147483647;
			dstPath = /usr/share/man/man1/;
			dstSubfolderSpec = 0;
			files = (
			);
			runOnlyForDeploymentPostprocessing = 1;
		};
/* End PBXCopyFilesBuildPhase section */

/* Begin PBXFileReference section */
		AB4193FD25A728D100E9C61A /* MPMSimulator_2D */ = {isa = PBXFileReference; explicitFileType = "compiled.mach-o.executable"; includeInIndex = 0; path = MPMSimulator_2D; sourceTree = BUILT_PRODUCTS_DIR; };
		AB41941825A72BE500E9C61A /* main.cpp */ = {isa = PBXFileReference; fileEncoding = 4; lastKnownFileType = sourcecode.cpp.cpp; name = main.cpp; path = ../../../src/2DMain/main.cpp; sourceTree = "<group>"; };
		AB41941B25A72BFF00E9C61A /* 2DInterface */ = {isa = PBXFileReference; lastKnownFileType = folder; name = 2DInterface; path = ../../../src/2DInterface; sourceTree = "<group>"; };
		AB41941C25A72C1800E9C61A /* Utils */ = {isa = PBXFileReference; lastKnownFileType = folder; name = Utils; path = ../../../src/Utils; sourceTree = "<group>"; };
		AB41941D25A72C1800E9C61A /* SimulationCore */ = {isa = PBXFileReference; lastKnownFileType = folder; name = SimulationCore; path = ../../../src/SimulationCore; sourceTree = "<group>"; };
		AB41942125A7337500E9C61A /* OpenGL.framework */ = {isa = PBXFileReference; lastKnownFileType = wrapper.framework; name = OpenGL.framework; path = System/Library/Frameworks/OpenGL.framework; sourceTree = SDKROOT; };
		AB41942225A7337500E9C61A /* GLUT.framework */ = {isa = PBXFileReference; lastKnownFileType = wrapper.framework; name = GLUT.framework; path = System/Library/Frameworks/GLUT.framework; sourceTree = SDKROOT; };
/* End PBXFileReference section */

/* Begin PBXFrameworksBuildPhase section */
		AB4193FA25A728D100E9C61A /* Frameworks */ = {
			isa = PBXFrameworksBuildPhase;
			buildActionMask = 2147483647;
			files = (
				AB41942325A7337500E9C61A /* OpenGL.framework in Frameworks */,
				AB41942425A7337500E9C61A /* GLUT.framework in Frameworks */,
			);
			runOnlyForDeploymentPostprocessing = 0;
		};
/* End PBXFrameworksBuildPhase section */

/* Begin PBXGroup section */
		AB4193F425A728D100E9C61A = {
			isa = PBXGroup;
			children = (
				AB4193FF25A728D100E9C61A /* MPMSimulator_2D */,
				AB4193FE25A728D100E9C61A /* Products */,
				AB41942025A7337400E9C61A /* Frameworks */,
			);
			sourceTree = "<group>";
		};
		AB4193FE25A728D100E9C61A /* Products */ = {
			isa = PBXGroup;
			children = (
				AB4193FD25A728D100E9C61A /* MPMSimulator_2D */,
			);
			name = Products;
			sourceTree = "<group>";
		};
		AB4193FF25A728D100E9C61A /* MPMSimulator_2D */ = {
			isa = PBXGroup;
			children = (
				AB41941D25A72C1800E9C61A /* SimulationCore */,
				AB41941C25A72C1800E9C61A /* Utils */,
				AB41941B25A72BFF00E9C61A /* 2DInterface */,
				AB41941825A72BE500E9C61A /* main.cpp */,
			);
			path = MPMSimulator_2D;
			sourceTree = "<group>";
		};
		AB41942025A7337400E9C61A /* Frameworks */ = {
			isa = PBXGroup;
			children = (
				AB41942225A7337500E9C61A /* GLUT.framework */,
				AB41942125A7337500E9C61A /* OpenGL.framework */,
			);
			name = Frameworks;
			sourceTree = "<group>";
		};
/* End PBXGroup section */

/* Begin PBXNativeTarget section */
		AB4193FC25A728D100E9C61A /* MPMSimulator_2D */ = {
			isa = PBXNativeTarget;
			buildConfigurationList = AB41940425A728D100E9C61A /* Build configuration list for PBXNativeTarget "MPMSimulator_2D" */;
			buildPhases = (
				AB4193F925A728D100E9C61A /* Sources */,
				AB4193FA25A728D100E9C61A /* Frameworks */,
				AB4193FB25A728D100E9C61A /* CopyFiles */,
			);
			buildRules = (
			);
			dependencies = (
			);
			name = MPMSimulator_2D;
			productName = MPMSimulator_2D;
			productReference = AB4193FD25A728D100E9C61A /* MPMSimulator_2D */;
			productType = "com.apple.product-type.tool";
		};
/* End PBXNativeTarget section */

/* Begin PBXProject section */
		AB4193F525A728D100E9C61A /* Project object */ = {
			isa = PBXProject;
			attributes = {
				LastUpgradeCheck = 1230;
				TargetAttributes = {
					AB4193FC25A728D100E9C61A = {
						CreatedOnToolsVersion = 12.3;
					};
				};
			};
			buildConfigurationList = AB4193F825A728D100E9C61A /* Build configuration list for PBXProject "MPMSimulator_2D" */;
			compatibilityVersion = "Xcode 9.3";
			developmentRegion = en;
			hasScannedForEncodings = 0;
			knownRegions = (
				en,
				Base,
			);
			mainGroup = AB4193F425A728D100E9C61A;
			productRefGroup = AB4193FE25A728D100E9C61A /* Products */;
			projectDirPath = "";
			projectRoot = "";
			targets = (
				AB4193FC25A728D100E9C61A /* MPMSimulator_2D */,
			);
		};
/* End PBXProject section */

/* Begin PBXSourcesBuildPhase section */
		AB4193F925A728D100E9C61A /* Sources */ = {
			isa = PBXSourcesBuildPhase;
			buildActionMask = 2147483647;
			files = (
				AB41941925A72BE500E9C61A /* main.cpp in Sources */,
			);
			runOnlyForDeploymentPostprocessing = 0;
		};
/* End PBXSourcesBuildPhase section */

/* Begin XCBuildConfiguration section */
		AB41940225A728D100E9C61A /* Debug */ = {
			isa = XCBuildConfiguration;
			buildSettings = {
				ALWAYS_SEARCH_USER_PATHS = NO;
				CLANG_ANALYZER_NONNULL = YES;
				CLANG_ANALYZER_NUMBER_OBJECT_CONVERSION = YES_AGGRESSIVE;
				CLANG_CXX_LANGUAGE_STANDARD = "gnu++14";
				CLANG_CXX_LIBRARY = "libc++";
				CLANG_ENABLE_MODULES = YES;
				CLANG_ENABLE_OBJC_ARC = YES;
				CLANG_ENABLE_OBJC_WEAK = YES;
				CLANG_WARN_BLOCK_CAPTURE_AUTORELEASING = YES;
				CLANG_WARN_BOOL_CONVERSION = YES;
				CLANG_WARN_COMMA = YES;
				CLANG_WARN_CONSTANT_CONVERSION = YES;
				CLANG_WARN_DEPRECATED_OBJC_IMPLEMENTATIONS = YES;
				CLANG_WARN_DIRECT_OBJC_ISA_USAGE = YES_ERROR;
				CLANG_WARN_DOCUMENTATION_COMMENTS = YES;
				CLANG_WARN_EMPTY_BODY = YES;
				CLANG_WARN_ENUM_CONVERSION = YES;
				CLANG_WARN_INFINITE_RECURSION = YES;
				CLANG_WARN_INT_CONVERSION = YES;
				CLANG_WARN_NON_LITERAL_NULL_CONVERSION = YES;
				CLANG_WARN_OBJC_IMPLICIT_RETAIN_SELF = YES;
				CLANG_WARN_OBJC_LITERAL_CONVERSION = YES;
				CLANG_WARN_OBJC_ROOT_CLASS = YES_ERROR;
				CLANG_WARN_QUOTED_INCLUDE_IN_FRAMEWORK_HEADER = YES;
				CLANG_WARN_RANGE_LOOP_ANALYSIS = YES;
				CLANG_WARN_STRICT_PROTOTYPES = YES;
				CLANG_WARN_SUSPICIOUS_MOVE = YES;
				CLANG_WARN_UNGUARDED_AVAILABILITY = YES_AGGRESSIVE;
				CLANG_WARN_UNREACHABLE_CODE = YES;
				CLANG_WARN__DUPLICATE_METHOD_MATCH = YES;
				COPY_PHASE_STRIP = NO;
				DEBUG_INFORMATION_FORMAT = dwarf;
				ENABLE_STRICT_OBJC_MSGSEND = YES;
				ENABLE_TESTABILITY = YES;
				GCC_C_LANGUAGE_STANDARD = gnu11;
				GCC_DYNAMIC_NO_PIC = NO;
				GCC_NO_COMMON_BLOCKS = YES;
				GCC_OPTIMIZATION_LEVEL = 0;
				GCC_PREPROCESSOR_DEFINITIONS = (
					"DEBUG=1",
					"$(inherited)",
				);
				GCC_WARN_64_TO_32_BIT_CONVERSION = YES;
				GCC_WARN_ABOUT_RETURN_TYPE = YES_ERROR;
				GCC_WARN_UNDECLARED_SELECTOR = YES;
				GCC_WARN_UNINITIALIZED_AUTOS = YES_AGGRESSIVE;
				GCC_WARN_UNUSED_FUNCTION = YES;
				GCC_WARN_UNUSED_VARIABLE = YES;
				MACOSX_DEPLOYMENT_TARGET = 11.1;
				MTL_ENABLE_DEBUG_INFO = INCLUDE_SOURCE;
				MTL_FAST_MATH = YES;
				ONLY_ACTIVE_ARCH = YES;
				SDKROOT = macosx;
			};
			name = Debug;
		};
		AB41940325A728D100E9C61A /* Release */ = {
			isa = XCBuildConfiguration;
			buildSettings = {
				ALWAYS_SEARCH_USER_PATHS = NO;
				CLANG_ANALYZER_NONNULL = YES;
				CLANG_ANALYZER_NUMBER_OBJECT_CONVERSION = YES_AGGRESSIVE;
				CLANG_CXX_LANGUAGE_STANDARD = "gnu++14";
				CLANG_CXX_LIBRARY = "libc++";
				CLANG_ENABLE_MODULES = YES;
				CLANG_ENABLE_OBJC_ARC = YES;
				CLANG_ENABLE_OBJC_WEAK = YES;
				CLANG_WARN_BLOCK_CAPTURE_AUTORELEASING = YES;
				CLANG_WARN_BOOL_CONVERSION = YES;
				CLANG_WARN_COMMA = YES;
				CLANG_WARN_CONSTANT_CONVERSION = YES;
				CLANG_WARN_DEPRECATED_OBJC_IMPLEMENTATIONS = YES;
				CLANG_WARN_DIRECT_OBJC_ISA_USAGE = YES_ERROR;
				CLANG_WARN_DOCUMENTATION_COMMENTS = YES;
				CLANG_WARN_EMPTY_BODY = YES;
				CLANG_WARN_ENUM_CONVERSION = YES;
				CLANG_WARN_INFINITE_RECURSION = YES;
				CLANG_WARN_INT_CONVERSION = YES;
				CLANG_WARN_NON_LITERAL_NULL_CONVERSION = YES;
				CLANG_WARN_OBJC_IMPLICIT_RETAIN_SELF = YES;
				CLANG_WARN_OBJC_LITERAL_CONVERSION = YES;
				CLANG_WARN_OBJC_ROOT_CLASS = YES_ERROR;
				CLANG_WARN_QUOTED_INCLUDE_IN_FRAMEWORK_HEADER = YES;
				CLANG_WARN_RANGE_LOOP_ANALYSIS = YES;
				CLANG_WARN_STRICT_PROTOTYPES = YES;
				CLANG_WARN_SUSPICIOUS_MOVE = YES;
				CLANG_WARN_UNGUARDED_AVAILABILITY = YES_AGGRESSIVE;
				CLANG_WARN_UNREACHABLE_CODE = YES;
				CLANG_WARN__DUPLICATE_METHOD_MATCH = YES;
				COPY_PHASE_STRIP = NO;
				DEBUG_INFORMATION_FORMAT = "dwarf-with-dsym";
				ENABLE_NS_ASSERTIONS = NO;
				ENABLE_STRICT_OBJC_MSGSEND = YES;
				GCC_C_LANGUAGE_STANDARD = gnu11;
				GCC_NO_COMMON_BLOCKS = YES;
				GCC_WARN_64_TO_32_BIT_CONVERSION = YES;
				GCC_WARN_ABOUT_RETURN_TYPE = YES_ERROR;
				GCC_WARN_UNDECLARED_SELECTOR = YES;
				GCC_WARN_UNINITIALIZED_AUTOS = YES_AGGRESSIVE;
				GCC_WARN_UNUSED_FUNCTION = YES;
				GCC_WARN_UNUSED_VARIABLE = YES;
				MACOSX_DEPLOYMENT_TARGET = 11.1;
				MTL_ENABLE_DEBUG_INFO = NO;
				MTL_FAST_MATH = YES;
				SDKROOT = macosx;
			};
			name = Release;
		};
		AB41940525A728D100E9C61A /* Debug */ = {
			isa = XCBuildConfiguration;
			buildSettings = {
				CLANG_CXX_LANGUAGE_STANDARD = "c++2a";
				CODE_SIGN_STYLE = Automatic;
				GCC_OPTIMIZATION_LEVEL = fast;
				HEADER_SEARCH_PATHS = (
					/usr/local/include,
					/usr/local/Cellar/libomp/11.0.0/include,
					/Users/kn/Downloads/boost_1_75_0,
					/Users/kn/Documents/PhySimCode/xproj/MPM2D/include,
				);
				LIBRARY_SEARCH_PATHS = /usr/local/Cellar/libomp/11.0.0/lib;
				OTHER_CFLAGS = "-DUSEGL";
				OTHER_CPLUSPLUSFLAGS = (
					"$(OTHER_CFLAGS)",
					"-Xpreprocessor",
					"-fopenmp",
				);
				OTHER_LDFLAGS = "-lomp";
				PRODUCT_NAME = "$(TARGET_NAME)";
			};
			name = Debug;
		};
		AB41940625A728D100E9C61A /* Release */ = {
			isa = XCBuildConfiguration;
			buildSettings = {
				CLANG_CXX_LANGUAGE_STANDARD = "c++2a";
				CODE_SIGN_STYLE = Automatic;
				HEADER_SEARCH_PATHS = (
					/usr/local/include,
					/usr/local/Cellar/libomp/11.0.0/include,
					/Users/kn/Downloads/boost_1_75_0,
					/Users/kn/Documents/PhySimCode/xproj/MPM2D/include,
				);
				LIBRARY_SEARCH_PATHS = /usr/local/Cellar/libomp/11.0.0/lib;
				OTHER_CFLAGS = "-DUSEGL";
				OTHER_CPLUSPLUSFLAGS = (
					"$(OTHER_CFLAGS)",
					"-Xpreprocessor",
					"-fopenmp",
				);
				OTHER_LDFLAGS = "-lomp";
				PRODUCT_NAME = "$(TARGET_NAME)";
			};
			name = Release;
		};
/* End XCBuildConfiguration section */

/* Begin XCConfigurationList section */
		AB4193F825A728D100E9C61A /* Build configuration list for PBXProject "MPMSimulator_2D" */ = {
			isa = XCConfigurationList;
			buildConfigurations = (
				AB41940225A728D100E9C61A /* Debug */,
				AB41940325A728D100E9C61A /* Release */,
			);
			defaultConfigurationIsVisible = 0;
			defaultConfigurationName = Release;
		};
		AB41940425A728D100E9C61A /* Build configuration list for PBXNativeTarget "MPMSimulator_2D" */ = {
			isa = XCConfigurationList;
			buildConfigurations = (
				AB41940525A728D100E9C61A /* Debug */,
				AB41940625A728D100E9C61A /* Release */,
			);
			defaultConfigurationIsVisible = 0;
			defaultConfigurationName = Release;
		};
/* End XCConfigurationList section */
	};
	rootObject = AB4193F525A728D100E9C61A /* Project object */;
}
